
Microsoft Visual Studio Solution File, Format Version 12.00
# Visual Studio Version 16
VisualStudioVersion = 16.0.31702.278
MinimumVisualStudioVersion = 10.0.40219.1
Project("{9A19103F-16F7-4668-BE54-9A1E7A4F7556}") = "JBL_assistant", "JBL_assistant.csproj", "{828642C0-F685-4C8D-AA1E-D26379161DF3}"
EndProject
Global
	GlobalSection(SolutionConfigurationPlatforms) = preSolution
		Debug|Any CPU = Debug|Any CPU
		Release|Any CPU = Release|Any CPU
	EndGlobalSection
	GlobalSection(ProjectConfigurationPlatforms) = postSolution
		{828642C0-F685-4C8D-AA1E-D26379161DF3}.Debug|Any CPU.ActiveCfg = Debug|Any CPU
		{828642C0-F685-4C8D-AA1E-D26379161DF3}.Debug|Any CPU.Build.0 = Debug|Any CPU
		{828642C0-F685-4C8D-AA1E-D26379161DF3}.Release|Any CPU.ActiveCfg = Release|Any CPU
		{828642C0-F685-4C8D-AA1E-D26379161DF3}.Release|Any CPU.Build.0 = Release|Any CPU
	EndGlobalSection
	GlobalSection(SolutionProperties) = preSolution
		HideSolutionNode = FALSE
	EndGlobalSection
	GlobalSection(ExtensibilityGlobals) = postSolution
		SolutionGuid = {F0DC33CB-5D2E-4391-B1D7-9C33239D938E}
	EndGlobalSection
EndGlobal
